// !$*UTF8*$!
{
	archiveVersion = 1;
	classes = {
	};
	objectVersion = 77;
	objects = {

/* Begin PBXContainerItemProxy section */
		CB0E1E322DD3F9AB005F9ACF /* PBXContainerItemProxy */ = {
			isa = PBXContainerItemProxy;
			containerPortal = CB0E1E1C2DD3F9A9005F9ACF /* Project object */;
			proxyType = 1;
			remoteGlobalIDString = CB0E1E232DD3F9A9005F9ACF;
			remoteInfo = ShapesRUS;
		};
		CB0E1E3C2DD3F9AB005F9ACF /* PBXContainerItemProxy */ = {
			isa = PBXContainerItemProxy;
			containerPortal = CB0E1E1C2DD3F9A9005F9ACF /* Project object */;
			proxyType = 1;
			remoteGlobalIDString = CB0E1E232DD3F9A9005F9ACF;
			remoteInfo = ShapesRUS;
		};
/* End PBXContainerItemProxy section */

/* Begin PBXFileReference section */
		CB0E1E242DD3F9A9005F9ACF /* ShapesRUS.app */ = {isa = PBXFileReference; explicitFileType = wrapper.application; includeInIndex = 0; path = ShapesRUS.app; sourceTree = BUILT_PRODUCTS_DIR; };
		CB0E1E312DD3F9AB005F9ACF /* ShapesRUSTests.xctest */ = {isa = PBXFileReference; explicitFileType = wrapper.cfbundle; includeInIndex = 0; path = ShapesRUSTests.xctest; sourceTree = BUILT_PRODUCTS_DIR; };
		CB0E1E3B2DD3F9AB005F9ACF /* ShapesRUSUITests.xctest */ = {isa = PBXFileReference; explicitFileType = wrapper.cfbundle; includeInIndex = 0; path = ShapesRUSUITests.xctest; sourceTree = BUILT_PRODUCTS_DIR; };
/* End PBXFileReference section */

/* Begin PBXFileSystemSynchronizedRootGroup section */
		CB0E1E262DD3F9A9005F9ACF /* ShapesRUS */ = {
			isa = PBXFileSystemSynchronizedRootGroup;
			path = ShapesRUS;
			sourceTree = "<group>";
		};
		CB0E1E342DD3F9AB005F9ACF /* ShapesRUSTests */ = {
			isa = PBXFileSystemSynchronizedRootGroup;
			path = ShapesRUSTests;
			sourceTree = "<group>";
		};
		CB0E1E3E2DD3F9AB005F9ACF /* ShapesRUSUITests */ = {
			isa = PBXFileSystemSynchronizedRootGroup;
			path = ShapesRUSUITests;
			sourceTree = "<group>";
		};
/* End PBXFileSystemSynchronizedRootGroup section */

/* Begin PBXFrameworksBuildPhase section */
		CB0E1E212DD3F9A9005F9ACF /* Frameworks */ = {
			isa = PBXFrameworksBuildPhase;
			buildActionMask = 2147483647;
			files = (
			);
			runOnlyForDeploymentPostprocessing = 0;
		};
		CB0E1E2E2DD3F9AB005F9ACF /* Frameworks */ = {
			isa = PBXFrameworksBuildPhase;
			buildActionMask = 2147483647;
			files = (
			);
			runOnlyForDeploymentPostprocessing = 0;
		};
		CB0E1E382DD3F9AB005F9ACF /* Frameworks */ = {
			isa = PBXFrameworksBuildPhase;
			buildActionMask = 2147483647;
			files = (
			);
			runOnlyForDeploymentPostprocessing = 0;
		};
/* End PBXFrameworksBuildPhase section */

/* Begin PBXGroup section */
		CB0E1E1B2DD3F9A9005F9ACF = {
			isa = PBXGroup;
			children = (
				CB0E1E262DD3F9A9005F9ACF /* ShapesRUS */,
				CB0E1E342DD3F9AB005F9ACF /* ShapesRUSTests */,
				CB0E1E3E2DD3F9AB005F9ACF /* ShapesRUSUITests */,
				CB0E1E252DD3F9A9005F9ACF /* Products */,
			);
			sourceTree = "<group>";
		};
		CB0E1E252DD3F9A9005F9ACF /* Products */ = {
			isa = PBXGroup;
			children = (
				CB0E1E242DD3F9A9005F9ACF /* ShapesRUS.app */,
				CB0E1E312DD3F9AB005F9ACF /* ShapesRUSTests.xctest */,
				CB0E1E3B2DD3F9AB005F9ACF /* ShapesRUSUITests.xctest */,
			);
			name = Products;
			sourceTree = "<group>";
		};
/* End PBXGroup section */

/* Begin PBXNativeTarget section */
		CB0E1E232DD3F9A9005F9ACF /* ShapesRUS */ = {
			isa = PBXNativeTarget;
			buildConfigurationList = CB0E1E452DD3F9AB005F9ACF /* Build configuration list for PBXNativeTarget "ShapesRUS" */;
			buildPhases = (
				CB0E1E202DD3F9A9005F9ACF /* Sources */,
				CB0E1E212DD3F9A9005F9ACF /* Frameworks */,
				CB0E1E222DD3F9A9005F9ACF /* Resources */,
			);
			buildRules = (
			);
			dependencies = (
			);
			fileSystemSynchronizedGroups = (
				CB0E1E262DD3F9A9005F9ACF /* ShapesRUS */,
			);
			name = ShapesRUS;
			packageProductDependencies = (
			);
			productName = ShapesRUS;
			productReference = CB0E1E242DD3F9A9005F9ACF /* ShapesRUS.app */;
			productType = "com.apple.product-type.application";
		};
		CB0E1E302DD3F9AB005F9ACF /* ShapesRUSTests */ = {
			isa = PBXNativeTarget;
			buildConfigurationList = CB0E1E482DD3F9AB005F9ACF /* Build configuration list for PBXNativeTarget "ShapesRUSTests" */;
			buildPhases = (
				CB0E1E2D2DD3F9AB005F9ACF /* Sources */,
				CB0E1E2E2DD3F9AB005F9ACF /* Frameworks */,
				CB0E1E2F2DD3F9AB005F9ACF /* Resources */,
			);
			buildRules = (
			);
			dependencies = (
				CB0E1E332DD3F9AB005F9ACF /* PBXTargetDependency */,
			);
			fileSystemSynchronizedGroups = (
				CB0E1E342DD3F9AB005F9ACF /* ShapesRUSTests */,
			);
			name = ShapesRUSTests;
			packageProductDependencies = (
			);
			productName = ShapesRUSTests;
			productReference = CB0E1E312DD3F9AB005F9ACF /* ShapesRUSTests.xctest */;
			productType = "com.apple.product-type.bundle.unit-test";
		};
		CB0E1E3A2DD3F9AB005F9ACF /* ShapesRUSUITests */ = {
			isa = PBXNativeTarget;
			buildConfigurationList = CB0E1E4B2DD3F9AB005F9ACF /* Build configuration list for PBXNativeTarget "ShapesRUSUITests" */;
			buildPhases = (
				CB0E1E372DD3F9AB005F9ACF /* Sources */,
				CB0E1E382DD3F9AB005F9ACF /* Frameworks */,
				CB0E1E392DD3F9AB005F9ACF /* Resources */,
			);
			buildRules = (
			);
			dependencies = (
				CB0E1E3D2DD3F9AB005F9ACF /* PBXTargetDependency */,
			);
			fileSystemSynchronizedGroups = (
				CB0E1E3E2DD3F9AB005F9ACF /* ShapesRUSUITests */,
			);
			name = ShapesRUSUITests;
			packageProductDependencies = (
			);
			productName = ShapesRUSUITests;
			productReference = CB0E1E3B2DD3F9AB005F9ACF /* ShapesRUSUITests.xctest */;
			productType = "com.apple.product-type.bundle.ui-testing";
		};
/* End PBXNativeTarget section */

/* Begin PBXProject section */
		CB0E1E1C2DD3F9A9005F9ACF /* Project object */ = {
			isa = PBXProject;
			attributes = {
				BuildIndependentTargetsInParallel = 1;
				LastSwiftUpdateCheck = 1630;
				LastUpgradeCheck = 1630;
				TargetAttributes = {
					CB0E1E232DD3F9A9005F9ACF = {
						CreatedOnToolsVersion = 16.3;
					};
					CB0E1E302DD3F9AB005F9ACF = {
						CreatedOnToolsVersion = 16.3;
						TestTargetID = CB0E1E232DD3F9A9005F9ACF;
					};
					CB0E1E3A2DD3F9AB005F9ACF = {
						CreatedOnToolsVersion = 16.3;
						TestTargetID = CB0E1E232DD3F9A9005F9ACF;
					};
				};
			};
			buildConfigurationList = CB0E1E1F2DD3F9A9005F9ACF /* Build configuration list for PBXProject "ShapesRUS" */;
			developmentRegion = en;
			hasScannedForEncodings = 0;
			knownRegions = (
				en,
				Base,
			);
			mainGroup = CB0E1E1B2DD3F9A9005F9ACF;
			minimizedProjectReferenceProxies = 1;
			preferredProjectObjectVersion = 77;
			productRefGroup = CB0E1E252DD3F9A9005F9ACF /* Products */;
			projectDirPath = "";
			projectRoot = "";
			targets = (
				CB0E1E232DD3F9A9005F9ACF /* ShapesRUS */,
				CB0E1E302DD3F9AB005F9ACF /* ShapesRUSTests */,
				CB0E1E3A2DD3F9AB005F9ACF /* ShapesRUSUITests */,
			);
		};
/* End PBXProject section */

/* Begin PBXResourcesBuildPhase section */
		CB0E1E222DD3F9A9005F9ACF /* Resources */ = {
			isa = PBXResourcesBuildPhase;
			buildActionMask = 2147483647;
			files = (
			);
			runOnlyForDeploymentPostprocessing = 0;
		};
		CB0E1E2F2DD3F9AB005F9ACF /* Resources */ = {
			isa = PBXResourcesBuildPhase;
			buildActionMask = 2147483647;
			files = (
			);
			runOnlyForDeploymentPostprocessing = 0;
		};
		CB0E1E392DD3F9AB005F9ACF /* Resources */ = {
			isa = PBXResourcesBuildPhase;
			buildActionMask = 2147483647;
			files = (
			);
			runOnlyForDeploymentPostprocessing = 0;
		};
/* End PBXResourcesBuildPhase section */

/* Begin PBXSourcesBuildPhase section */
		CB0E1E202DD3F9A9005F9ACF /* Sources */ = {
			isa = PBXSourcesBuildPhase;
			buildActionMask = 2147483647;
			files = (
			);
			runOnlyForDeploymentPostprocessing = 0;
		};
		CB0E1E2D2DD3F9AB005F9ACF /* Sources */ = {
			isa = PBXSourcesBuildPhase;
			buildActionMask = 2147483647;
			files = (
			);
			runOnlyForDeploymentPostprocessing = 0;
		};
		CB0E1E372DD3F9AB005F9ACF /* Sources */ = {
			isa = PBXSourcesBuildPhase;
			buildActionMask = 2147483647;
			files = (
			);
			runOnlyForDeploymentPostprocessing = 0;
		};
/* End PBXSourcesBuildPhase section */

/* Begin PBXTargetDependency section */
		CB0E1E332DD3F9AB005F9ACF /* PBXTargetDependency */ = {
			isa = PBXTargetDependency;
			target = CB0E1E232DD3F9A9005F9ACF /* ShapesRUS */;
			targetProxy = CB0E1E322DD3F9AB005F9ACF /* PBXContainerItemProxy */;
		};
		CB0E1E3D2DD3F9AB005F9ACF /* PBXTargetDependency */ = {
			isa = PBXTargetDependency;
			target = CB0E1E232DD3F9A9005F9ACF /* ShapesRUS */;
			targetProxy = CB0E1E3C2DD3F9AB005F9ACF /* PBXContainerItemProxy */;
		};
/* End PBXTargetDependency section */

/* Begin XCBuildConfiguration section */
		CB0E1E432DD3F9AB005F9ACF /* Debug */ = {
			isa = XCBuildConfiguration;
			buildSettings = {
				ALWAYS_SEARCH_USER_PATHS = NO;
				ASSETCATALOG_COMPILER_GENERATE_SWIFT_ASSET_SYMBOL_EXTENSIONS = YES;
				CLANG_ANALYZER_NONNULL = YES;
				CLANG_ANALYZER_NUMBER_OBJECT_CONVERSION = YES_AGGRESSIVE;
				CLANG_CXX_LANGUAGE_STANDARD = "gnu++20";
				CLANG_ENABLE_MODULES = YES;
				CLANG_ENABLE_OBJC_ARC = YES;
				CLANG_ENABLE_OBJC_WEAK = YES;
				CLANG_WARN_BLOCK_CAPTURE_AUTORELEASING = YES;
				CLANG_WARN_BOOL_CONVERSION = YES;
				CLANG_WARN_COMMA = YES;
				CLANG_WARN_CONSTANT_CONVERSION = YES;
				CLANG_WARN_DEPRECATED_OBJC_IMPLEMENTATIONS = YES;
				CLANG_WARN_DIRECT_OBJC_ISA_USAGE = YES_ERROR;
				CLANG_WARN_DOCUMENTATION_COMMENTS = YES;
				CLANG_WARN_EMPTY_BODY = YES;
				CLANG_WARN_ENUM_CONVERSION = YES;
				CLANG_WARN_INFINITE_RECURSION = YES;
				CLANG_WARN_INT_CONVERSION = YES;
				CLANG_WARN_NON_LITERAL_NULL_CONVERSION = YES;
				CLANG_WARN_OBJC_IMPLICIT_RETAIN_SELF = YES;
				CLANG_WARN_OBJC_LITERAL_CONVERSION = YES;
				CLANG_WARN_OBJC_ROOT_CLASS = YES_ERROR;
				CLANG_WARN_QUOTED_INCLUDE_IN_FRAMEWORK_HEADER = YES;
				CLANG_WARN_RANGE_LOOP_ANALYSIS = YES;
				CLANG_WARN_STRICT_PROTOTYPES = YES;
				CLANG_WARN_SUSPICIOUS_MOVE = YES;
				CLANG_WARN_UNGUARDED_AVAILABILITY = YES_AGGRESSIVE;
				CLANG_WARN_UNREACHABLE_CODE = YES;
				CLANG_WARN__DUPLICATE_METHOD_MATCH = YES;
				COPY_PHASE_STRIP = NO;
				DEBUG_INFORMATION_FORMAT = dwarf;
				ENABLE_STRICT_OBJC_MSGSEND = YES;
				ENABLE_TESTABILITY = YES;
				ENABLE_USER_SCRIPT_SANDBOXING = YES;
				GCC_C_LANGUAGE_STANDARD = gnu17;
				GCC_DYNAMIC_NO_PIC = NO;
				GCC_NO_COMMON_BLOCKS = YES;
				GCC_OPTIMIZATION_LEVEL = 0;
				GCC_PREPROCESSOR_DEFINITIONS = (
					"DEBUG=1",
					"$(inherited)",
				);
				GCC_WARN_64_TO_32_BIT_CONVERSION = YES;
				GCC_WARN_ABOUT_RETURN_TYPE = YES_ERROR;
				GCC_WARN_UNDECLARED_SELECTOR = YES;
				GCC_WARN_UNINITIALIZED_AUTOS = YES_AGGRESSIVE;
				GCC_WARN_UNUSED_FUNCTION = YES;
				GCC_WARN_UNUSED_VARIABLE = YES;
				IPHONEOS_DEPLOYMENT_TARGET = 18.4;
				LOCALIZATION_PREFERS_STRING_CATALOGS = YES;
				MTL_ENABLE_DEBUG_INFO = INCLUDE_SOURCE;
				MTL_FAST_MATH = YES;
				ONLY_ACTIVE_ARCH = YES;
				SDKROOT = iphoneos;
				SWIFT_ACTIVE_COMPILATION_CONDITIONS = "DEBUG $(inherited)";
				SWIFT_OPTIMIZATION_LEVEL = "-Onone";
			};
			name = Debug;
		};
		CB0E1E442DD3F9AB005F9ACF /* Release */ = {
			isa = XCBuildConfiguration;
			buildSettings = {
				ALWAYS_SEARCH_USER_PATHS = NO;
				ASSETCATALOG_COMPILER_GENERATE_SWIFT_ASSET_SYMBOL_EXTENSIONS = YES;
				CLANG_ANALYZER_NONNULL = YES;
				CLANG_ANALYZER_NUMBER_OBJECT_CONVERSION = YES_AGGRESSIVE;
				CLANG_CXX_LANGUAGE_STANDARD = "gnu++20";
				CLANG_ENABLE_MODULES = YES;
				CLANG_ENABLE_OBJC_ARC = YES;
				CLANG_ENABLE_OBJC_WEAK = YES;
				CLANG_WARN_BLOCK_CAPTURE_AUTORELEASING = YES;
				CLANG_WARN_BOOL_CONVERSION = YES;
				CLANG_WARN_COMMA = YES;
				CLANG_WARN_CONSTANT_CONVERSION = YES;
				CLANG_WARN_DEPRECATED_OBJC_IMPLEMENTATIONS = YES;
				CLANG_WARN_DIRECT_OBJC_ISA_USAGE = YES_ERROR;
				CLANG_WARN_DOCUMENTATION_COMMENTS = YES;
				CLANG_WARN_EMPTY_BODY = YES;
				CLANG_WARN_ENUM_CONVERSION = YES;
				CLANG_WARN_INFINITE_RECURSION = YES;
				CLANG_WARN_INT_CONVERSION = YES;
				CLANG_WARN_NON_LITERAL_NULL_CONVERSION = YES;
				CLANG_WARN_OBJC_IMPLICIT_RETAIN_SELF = YES;
				CLANG_WARN_OBJC_LITERAL_CONVERSION = YES;
				CLANG_WARN_OBJC_ROOT_CLASS = YES_ERROR;
				CLANG_WARN_QUOTED_INCLUDE_IN_FRAMEWORK_HEADER = YES;
				CLANG_WARN_RANGE_LOOP_ANALYSIS = YES;
				CLANG_WARN_STRICT_PROTOTYPES = YES;
				CLANG_WARN_SUSPICIOUS_MOVE = YES;
				CLANG_WARN_UNGUARDED_AVAILABILITY = YES_AGGRESSIVE;
				CLANG_WARN_UNREACHABLE_CODE = YES;
				CLANG_WARN__DUPLICATE_METHOD_MATCH = YES;
				COPY_PHASE_STRIP = NO;
				DEBUG_INFORMATION_FORMAT = "dwarf-with-dsym";
				ENABLE_NS_ASSERTIONS = NO;
				ENABLE_STRICT_OBJC_MSGSEND = YES;
				ENABLE_USER_SCRIPT_SANDBOXING = YES;
				GCC_C_LANGUAGE_STANDARD = gnu17;
				GCC_NO_COMMON_BLOCKS = YES;
				GCC_WARN_64_TO_32_BIT_CONVERSION = YES;
				GCC_WARN_ABOUT_RETURN_TYPE = YES_ERROR;
				GCC_WARN_UNDECLARED_SELECTOR = YES;
				GCC_WARN_UNINITIALIZED_AUTOS = YES_AGGRESSIVE;
				GCC_WARN_UNUSED_FUNCTION = YES;
				GCC_WARN_UNUSED_VARIABLE = YES;
				IPHONEOS_DEPLOYMENT_TARGET = 18.4;
				LOCALIZATION_PREFERS_STRING_CATALOGS = YES;
				MTL_ENABLE_DEBUG_INFO = NO;
				MTL_FAST_MATH = YES;
				SDKROOT = iphoneos;
				SWIFT_COMPILATION_MODE = wholemodule;
				VALIDATE_PRODUCT = YES;
			};
			name = Release;
		};
		CB0E1E462DD3F9AB005F9ACF /* Debug */ = {
			isa = XCBuildConfiguration;
			buildSettings = {
				ASSETCATALOG_COMPILER_APPICON_NAME = AppIcon;
				ASSETCATALOG_COMPILER_GLOBAL_ACCENT_COLOR_NAME = AccentColor;
				CODE_SIGN_STYLE = Automatic;
				CURRENT_PROJECT_VERSION = 1;
				ENABLE_PREVIEWS = YES;
				GENERATE_INFOPLIST_FILE = YES;
				INFOPLIST_KEY_UIApplicationSceneManifest_Generation = YES;
				INFOPLIST_KEY_UIApplicationSupportsIndirectInputEvents = YES;
				INFOPLIST_KEY_UILaunchScreen_Generation = YES;
				INFOPLIST_KEY_UISupportedInterfaceOrientations_iPad = "UIInterfaceOrientationPortrait UIInterfaceOrientationPortraitUpsideDown UIInterfaceOrientationLandscapeLeft UIInterfaceOrientationLandscapeRight";
				INFOPLIST_KEY_UISupportedInterfaceOrientations_iPhone = "UIInterfaceOrientationPortrait UIInterfaceOrientationLandscapeLeft UIInterfaceOrientationLandscapeRight";
				LD_RUNPATH_SEARCH_PATHS = (
					"$(inherited)",
					"@executable_path/Frameworks",
				);
				MARKETING_VERSION = 1.0;
				PRODUCT_BUNDLE_IDENTIFIER = com.brentarnold.ShapesRUS;
				PRODUCT_NAME = "$(TARGET_NAME)";
				SWIFT_EMIT_LOC_STRINGS = YES;
				SWIFT_VERSION = 5.0;
				TARGETED_DEVICE_FAMILY = "1,2";
			};
			name = Debug;
		};
		CB0E1E472DD3F9AB005F9ACF /* Release */ = {
			isa = XCBuildConfiguration;
			buildSettings = {
				ASSETCATALOG_COMPILER_APPICON_NAME = AppIcon;
				ASSETCATALOG_COMPILER_GLOBAL_ACCENT_COLOR_NAME = AccentColor;
				CODE_SIGN_STYLE = Automatic;
				CURRENT_PROJECT_VERSION = 1;
				ENABLE_PREVIEWS = YES;
				GENERATE_INFOPLIST_FILE = YES;
				INFOPLIST_KEY_UIApplicationSceneManifest_Generation = YES;
				INFOPLIST_KEY_UIApplicationSupportsIndirectInputEvents = YES;
				INFOPLIST_KEY_UILaunchScreen_Generation = YES;
				INFOPLIST_KEY_UISupportedInterfaceOrientations_iPad = "UIInterfaceOrientationPortrait UIInterfaceOrientationPortraitUpsideDown UIInterfaceOrientationLandscapeLeft UIInterfaceOrientationLandscapeRight";
				INFOPLIST_KEY_UISupportedInterfaceOrientations_iPhone = "UIInterfaceOrientationPortrait UIInterfaceOrientationLandscapeLeft UIInterfaceOrientationLandscapeRight";
				LD_RUNPATH_SEARCH_PATHS = (
					"$(inherited)",
					"@executable_path/Frameworks",
				);
				MARKETING_VERSION = 1.0;
				PRODUCT_BUNDLE_IDENTIFIER = com.brentarnold.ShapesRUS;
				PRODUCT_NAME = "$(TARGET_NAME)";
				SWIFT_EMIT_LOC_STRINGS = YES;
				SWIFT_VERSION = 5.0;
				TARGETED_DEVICE_FAMILY = "1,2";
			};
			name = Release;
		};
		CB0E1E492DD3F9AB005F9ACF /* Debug */ = {
			isa = XCBuildConfiguration;
			buildSettings = {
				BUNDLE_LOADER = "$(TEST_HOST)";
				CODE_SIGN_STYLE = Automatic;
				CURRENT_PROJECT_VERSION = 1;
				GENERATE_INFOPLIST_FILE = YES;
				IPHONEOS_DEPLOYMENT_TARGET = 18.4;
				MARKETING_VERSION = 1.0;
				PRODUCT_BUNDLE_IDENTIFIER = com.brentarnold.ShapesRUSTests;
				PRODUCT_NAME = "$(TARGET_NAME)";
				SWIFT_EMIT_LOC_STRINGS = NO;
				SWIFT_VERSION = 5.0;
				TARGETED_DEVICE_FAMILY = "1,2";
				TEST_HOST = "$(BUILT_PRODUCTS_DIR)/ShapesRUS.app/$(BUNDLE_EXECUTABLE_FOLDER_PATH)/ShapesRUS";
			};
			name = Debug;
		};
		CB0E1E4A2DD3F9AB005F9ACF /* Release */ = {
			isa = XCBuildConfiguration;
			buildSettings = {
				BUNDLE_LOADER = "$(TEST_HOST)";
				CODE_SIGN_STYLE = Automatic;
				CURRENT_PROJECT_VERSION = 1;
				GENERATE_INFOPLIST_FILE = YES;
				IPHONEOS_DEPLOYMENT_TARGET = 18.4;
				MARKETING_VERSION = 1.0;
				PRODUCT_BUNDLE_IDENTIFIER = com.brentarnold.ShapesRUSTests;
				PRODUCT_NAME = "$(TARGET_NAME)";
				SWIFT_EMIT_LOC_STRINGS = NO;
				SWIFT_VERSION = 5.0;
				TARGETED_DEVICE_FAMILY = "1,2";
				TEST_HOST = "$(BUILT_PRODUCTS_DIR)/ShapesRUS.app/$(BUNDLE_EXECUTABLE_FOLDER_PATH)/ShapesRUS";
			};
			name = Release;
		};
		CB0E1E4C2DD3F9AB005F9ACF /* Debug */ = {
			isa = XCBuildConfiguration;
			buildSettings = {
				CODE_SIGN_STYLE = Automatic;
				CURRENT_PROJECT_VERSION = 1;
				GENERATE_INFOPLIST_FILE = YES;
				MARKETING_VERSION = 1.0;
				PRODUCT_BUNDLE_IDENTIFIER = com.brentarnold.ShapesRUSUITests;
				PRODUCT_NAME = "$(TARGET_NAME)";
				SWIFT_EMIT_LOC_STRINGS = NO;
				SWIFT_VERSION = 5.0;
				TARGETED_DEVICE_FAMILY = "1,2";
				TEST_TARGET_NAME = ShapesRUS;
			};
			name = Debug;
		};
		CB0E1E4D2DD3F9AB005F9ACF /* Release */ = {
			isa = XCBuildConfiguration;
			buildSettings = {
				CODE_SIGN_STYLE = Automatic;
				CURRENT_PROJECT_VERSION = 1;
				GENERATE_INFOPLIST_FILE = YES;
				MARKETING_VERSION = 1.0;
				PRODUCT_BUNDLE_IDENTIFIER = com.brentarnold.ShapesRUSUITests;
				PRODUCT_NAME = "$(TARGET_NAME)";
				SWIFT_EMIT_LOC_STRINGS = NO;
				SWIFT_VERSION = 5.0;
				TARGETED_DEVICE_FAMILY = "1,2";
				TEST_TARGET_NAME = ShapesRUS;
			};
			name = Release;
		};
/* End XCBuildConfiguration section */

/* Begin XCConfigurationList section */
		CB0E1E1F2DD3F9A9005F9ACF /* Build configuration list for PBXProject "ShapesRUS" */ = {
			isa = XCConfigurationList;
			buildConfigurations = (
				CB0E1E432DD3F9AB005F9ACF /* Debug */,
				CB0E1E442DD3F9AB005F9ACF /* Release */,
			);
			defaultConfigurationIsVisible = 0;
			defaultConfigurationName = Release;
		};
		CB0E1E452DD3F9AB005F9ACF /* Build configuration list for PBXNativeTarget "ShapesRUS" */ = {
			isa = XCConfigurationList;
			buildConfigurations = (
				CB0E1E462DD3F9AB005F9ACF /* Debug */,
				CB0E1E472DD3F9AB005F9ACF /* Release */,
			);
			defaultConfigurationIsVisible = 0;
			defaultConfigurationName = Release;
		};
		CB0E1E482DD3F9AB005F9ACF /* Build configuration list for PBXNativeTarget "ShapesRUSTests" */ = {
			isa = XCConfigurationList;
			buildConfigurations = (
				CB0E1E492DD3F9AB005F9ACF /* Debug */,
				CB0E1E4A2DD3F9AB005F9ACF /* Release */,
			);
			defaultConfigurationIsVisible = 0;
			defaultConfigurationName = Release;
		};
		CB0E1E4B2DD3F9AB005F9ACF /* Build configuration list for PBXNativeTarget "ShapesRUSUITests" */ = {
			isa = XCConfigurationList;
			buildConfigurations = (
				CB0E1E4C2DD3F9AB005F9ACF /* Debug */,
				CB0E1E4D2DD3F9AB005F9ACF /* Release */,
			);
			defaultConfigurationIsVisible = 0;
			defaultConfigurationName = Release;
		};
/* End XCConfigurationList section */
	};
	rootObject = CB0E1E1C2DD3F9A9005F9ACF /* Project object */;
}
